<?xml version="1.0" encoding="utf-8"?>
<Project ToolsVersion="4.0" xmlns="http://schemas.microsoft.com/developer/msbuild/2003">
  <ItemGroup>
    <Filter Include="Source Files">
      <UniqueIdentifier>{4FC737F1-C7A5-4376-A066-2A32D752A2FF}</UniqueIdentifier>
      <Extensions>cpp;cxx;c;def</Extensions>
    </Filter>
    <Filter Include="Header Files">
      <UniqueIdentifier>{93995380-89BD-4b04-88EB-625FBE52EBFB}</UniqueIdentifier>
      <Extensions>h</Extensions>
    </Filter>
    <Filter Include="Form Files">
      <UniqueIdentifier>{99349809-55BA-4b9d-BF79-8FDBB0286EB3}</UniqueIdentifier>
      <Extensions>ui</Extensions>
    </Filter>
    <Filter Include="Resource Files">
      <UniqueIdentifier>{D9D6E242-F8AF-46E4-B9FD-80ECBC20BA3E}</UniqueIdentifier>
      <Extensions>qrc;*</Extensions>
      <ParseFiles>false</ParseFiles>
    </Filter>
    <Filter Include="Generated Files">
      <UniqueIdentifier>{71ED8ED8-ACB9-4CE9-BBE1-E00B30144E11}</UniqueIdentifier>
      <Extensions>moc;h;cpp</Extensions>
      <SourceControlFiles>False</SourceControlFiles>
    </Filter>
    <Filter Include="Generated Files\Debug">
      <UniqueIdentifier>{2b955b1b-cf85-449a-82c8-fd873a2357c6}</UniqueIdentifier>
      <Extensions>cpp;moc</Extensions>
      <SourceControlFiles>False</SourceControlFiles>
    </Filter>
    <Filter Include="Generated Files\Release">
      <UniqueIdentifier>{92e3528d-ab94-42ae-813e-7eda9d8a74bb}</UniqueIdentifier>
      <Extensions>cpp;moc</Extensions>
      <SourceControlFiles>False</SourceControlFiles>
    </Filter>
    <Filter Include="Header Files\log">
      <UniqueIdentifier>{d88a3494-cade-48d4-a84d-eb4d4c0486fd}</UniqueIdentifier>
    </Filter>
    <Filter Include="Source Files\log">
      <UniqueIdentifier>{8dfd0902-586a-46e3-bdf2-488ce1f4277b}</UniqueIdentifier>
    </Filter>
    <Filter Include="Header Files\generic">
      <UniqueIdentifier>{ad6b75fb-224d-476e-ad42-b104d0bb4314}</UniqueIdentifier>
    </Filter>
    <Filter Include="Header Files\log\destination">
      <UniqueIdentifier>{c2aa3f72-35f1-4c42-9219-758bca99145f}</UniqueIdentifier>
    </Filter>
    <Filter Include="Source Files\log\destination">
      <UniqueIdentifier>{92b5cfeb-6b9e-425c-b78e-4ddb77fe2a16}</UniqueIdentifier>
    </Filter>
    <Filter Include="Header Files\gui">
      <UniqueIdentifier>{3da505c3-5f5d-4126-aa6b-bb9f2347d951}</UniqueIdentifier>
    </Filter>
    <Filter Include="Source Files\gui">
      <UniqueIdentifier>{9ec45175-3d4b-4fbf-a247-2fb3bfc70ca9}</UniqueIdentifier>
    </Filter>
    <Filter Include="Header Files\mvc">
      <UniqueIdentifier>{3e7472ee-e6d6-42ff-9e71-8a5e82737579}</UniqueIdentifier>
    </Filter>
    <Filter Include="Source Files\mvc">
      <UniqueIdentifier>{f24b15c2-e522-4b32-8242-c74a319e36ed}</UniqueIdentifier>
    </Filter>
    <Filter Include="Source Files\data">
      <UniqueIdentifier>{1b5cb49a-4d11-4f38-8b81-cda00487cffa}</UniqueIdentifier>
    </Filter>
    <Filter Include="Header Files\data">
      <UniqueIdentifier>{5e146ede-0b0f-48dd-871b-2a50fd929505}</UniqueIdentifier>
    </Filter>
    <Filter Include="Header Files\gui\base">
      <UniqueIdentifier>{60c89bce-4fb1-4d8a-877f-e4eabb1c5774}</UniqueIdentifier>
    </Filter>
    <Filter Include="Source Files\gui\base">
      <UniqueIdentifier>{c35a91aa-18df-43ec-b720-577a1998c3e3}</UniqueIdentifier>
    </Filter>
    <Filter Include="Header Files\core">
      <UniqueIdentifier>{82438fa9-6c4d-45eb-b4aa-d89ae72ac11d}</UniqueIdentifier>
    </Filter>
    <Filter Include="Source Files\core">
      <UniqueIdentifier>{3f562698-ca52-4f49-b0d5-edfe89527816}</UniqueIdentifier>
    </Filter>
    <Filter Include="Header Files\visualization">
      <UniqueIdentifier>{6e9d839b-7b62-46a8-babd-8de55835ffe5}</UniqueIdentifier>
    </Filter>
    <Filter Include="Source Files\visualization">
      <UniqueIdentifier>{7bc98349-92dc-4f0e-965a-3f9c0f387b97}</UniqueIdentifier>
    </Filter>
    <Filter Include="Shader">
      <UniqueIdentifier>{c8be857b-c735-44ac-8bb8-cf67303541e6}</UniqueIdentifier>
    </Filter>
  </ItemGroup>
  <ItemGroup>
    <ClCompile Include="GeneratedFiles\qrc_samael.cpp">
      <Filter>Generated Files</Filter>
    </ClCompile>
    <ClCompile Include="src\main.cpp">
      <Filter>Source Files</Filter>
    </ClCompile>
    <ClCompile Include="src\SamaelApplication.cpp">
      <Filter>Source Files</Filter>
    </ClCompile>
    <ClCompile Include="GeneratedFiles\Debug\moc_SamaelApplication.cpp">
      <Filter>Generated Files\Debug</Filter>
    </ClCompile>
    <ClCompile Include="GeneratedFiles\Release\moc_SamaelApplication.cpp">
      <Filter>Generated Files\Release</Filter>
    </ClCompile>
    <ClCompile Include="GeneratedFiles\Debug\moc_SamaelMainWindow.cpp">
      <Filter>Generated Files\Debug</Filter>
    </ClCompile>
    <ClCompile Include="GeneratedFiles\Release\moc_SamaelMainWindow.cpp">
      <Filter>Generated Files\Release</Filter>
    </ClCompile>
    <ClCompile Include="src\stdafx.cpp">
      <Filter>Source Files</Filter>
    </ClCompile>
    <ClCompile Include="src\Logger.cpp">
      <Filter>Source Files\log</Filter>
    </ClCompile>
    <ClCompile Include="src\FileLogDestination.cpp">
      <Filter>Source Files\log\destination</Filter>
    </ClCompile>
    <ClCompile Include="src\CommandLineLogDestination.cpp">
      <Filter>Source Files\log\destination</Filter>
    </ClCompile>
    <ClCompile Include="src\SamaelMainWindow.cpp">
      <Filter>Source Files\gui</Filter>
    </ClCompile>
    <ClCompile Include="src\SamaelUtility.cpp">
      <Filter>Source Files</Filter>
    </ClCompile>
    <ClCompile Include="GeneratedFiles\Debug\moc_TerminalWidget.cpp">
      <Filter>Generated Files\Debug</Filter>
    </ClCompile>
    <ClCompile Include="GeneratedFiles\Release\moc_TerminalWidget.cpp">
      <Filter>Generated Files\Release</Filter>
    </ClCompile>
    <ClCompile Include="src\TerminalWidgetLogDestination.cpp">
      <Filter>Source Files\log\destination</Filter>
    </ClCompile>
    <ClCompile Include="src\SamaelImage.cpp">
      <Filter>Source Files\data</Filter>
    </ClCompile>
    <ClCompile Include="GeneratedFiles\Debug\moc_TreeWidget.cpp">
      <Filter>Generated Files\Debug</Filter>
    </ClCompile>
    <ClCompile Include="GeneratedFiles\Release\moc_TreeWidget.cpp">
      <Filter>Generated Files\Release</Filter>
    </ClCompile>
    <ClCompile Include="src\TreeWidget.cpp">
      <Filter>Source Files\gui</Filter>
    </ClCompile>
    <ClCompile Include="GeneratedFiles\Debug\moc_SamaelDockWidget.cpp">
      <Filter>Generated Files\Debug</Filter>
    </ClCompile>
    <ClCompile Include="GeneratedFiles\Release\moc_SamaelDockWidget.cpp">
      <Filter>Generated Files\Release</Filter>
    </ClCompile>
    <ClCompile Include="src\SamaelDockWidget.cpp">
      <Filter>Source Files\gui\base</Filter>
    </ClCompile>
    <ClCompile Include="src\TerminalWidget.cpp">
      <Filter>Source Files\gui</Filter>
    </ClCompile>
    <ClCompile Include="GeneratedFiles\Debug\moc_Terminal.cpp">
      <Filter>Generated Files\Debug</Filter>
    </ClCompile>
    <ClCompile Include="GeneratedFiles\Release\moc_Terminal.cpp">
      <Filter>Generated Files\Release</Filter>
    </ClCompile>
    <ClCompile Include="src\Terminal.cpp">
      <Filter>Source Files\core</Filter>
    </ClCompile>
    <ClCompile Include="src\SamaelHighlighter.cpp">
      <Filter>Source Files\core</Filter>
    </ClCompile>
    <ClCompile Include="GeneratedFiles\Debug\moc_SamaelHighlighter.cpp">
      <Filter>Generated Files\Debug</Filter>
    </ClCompile>
    <ClCompile Include="GeneratedFiles\Release\moc_SamaelHighlighter.cpp">
      <Filter>Generated Files\Release</Filter>
    </ClCompile>
    <ClCompile Include="src\ViewerWidget.cpp">
      <Filter>Source Files\gui</Filter>
    </ClCompile>
    <ClCompile Include="GeneratedFiles\Debug\moc_VisualizerWidget.cpp">
      <Filter>Generated Files\Debug</Filter>
    </ClCompile>
    <ClCompile Include="GeneratedFiles\Release\moc_VisualizerWidget.cpp">
      <Filter>Generated Files\Release</Filter>
    </ClCompile>
    <ClCompile Include="src\VisualizerWidget.cpp">
      <Filter>Source Files\gui\base</Filter>
    </ClCompile>
    <ClCompile Include="src\ThumbnailIconProvider.cpp">
      <Filter>Source Files\core</Filter>
    </ClCompile>
    <ClCompile Include="src\FileExplorerTreeProxyModel.cpp">
      <Filter>Source Files\mvc</Filter>
    </ClCompile>
    <ClCompile Include="src\FileExplorerListProxyModel.cpp">
      <Filter>Source Files\mvc</Filter>
    </ClCompile>
    <ClCompile Include="GeneratedFiles\Debug\moc_FileExplorerTreeProxyModel.cpp">
      <Filter>Generated Files\Debug</Filter>
    </ClCompile>
    <ClCompile Include="GeneratedFiles\Release\moc_FileExplorerTreeProxyModel.cpp">
      <Filter>Generated Files\Release</Filter>
    </ClCompile>
    <ClCompile Include="GeneratedFiles\Debug\moc_FileExplorerListProxyModel.cpp">
      <Filter>Generated Files\Debug</Filter>
    </ClCompile>
    <ClCompile Include="GeneratedFiles\Release\moc_FileExplorerListProxyModel.cpp">
      <Filter>Generated Files\Release</Filter>
    </ClCompile>
    <ClCompile Include="src\ToolBox.cpp">
      <Filter>Source Files\gui</Filter>
    </ClCompile>
    <ClCompile Include="GeneratedFiles\Debug\moc_ToolBox.cpp">
      <Filter>Generated Files\Debug</Filter>
    </ClCompile>
    <ClCompile Include="GeneratedFiles\Release\moc_ToolBox.cpp">
      <Filter>Generated Files\Release</Filter>
    </ClCompile>
    <ClCompile Include="src\Shader.cpp">
      <Filter>Source Files\visualization</Filter>
    </ClCompile>
    <ClCompile Include="src\Texture.cpp">
      <Filter>Source Files\visualization</Filter>
    </ClCompile>
    <ClCompile Include="src\Renderquad.cpp">
      <Filter>Source Files\visualization</Filter>
    </ClCompile>
    <ClCompile Include="src\ParallelCoordinates.cpp">
      <Filter>Source Files\visualization</Filter>
    </ClCompile>
    <ClCompile Include="src\UBO.cpp">
      <Filter>Source Files\visualization</Filter>
    </ClCompile>
    <ClCompile Include="GeneratedFiles\Debug\moc_FileExplorerListView.cpp">
      <Filter>Generated Files\Debug</Filter>
    </ClCompile>
    <ClCompile Include="GeneratedFiles\Release\moc_FileExplorerListView.cpp">
      <Filter>Generated Files\Release</Filter>
    </ClCompile>
    <ClCompile Include="src\FileExplorerListView.cpp">
      <Filter>Source Files\mvc</Filter>
    </ClCompile>
    <ClCompile Include="GeneratedFiles\Debug\moc_FileExplorerTreeView.cpp">
      <Filter>Generated Files\Debug</Filter>
    </ClCompile>
    <ClCompile Include="GeneratedFiles\Release\moc_FileExplorerTreeView.cpp">
      <Filter>Generated Files\Release</Filter>
    </ClCompile>
    <ClCompile Include="src\FileExplorerTreeView.cpp">
      <Filter>Source Files\mvc</Filter>
    </ClCompile>
    <ClCompile Include="src\ImageDatabase.cpp">
      <Filter>Source Files\core</Filter>
    </ClCompile>
    <ClCompile Include="GeneratedFiles\Debug\moc_ImageDatabase.cpp">
      <Filter>Generated Files\Debug</Filter>
    </ClCompile>
    <ClCompile Include="src\ComputationManagerBOW.cpp">
      <Filter>Source Files\core</Filter>
    </ClCompile>
    <ClCompile Include="GeneratedFiles\Debug\moc_ComputationManager.cpp">
      <Filter>Generated Files\Debug</Filter>
    </ClCompile>
    <ClCompile Include="GeneratedFiles\Debug\moc_ComputationManagerBOW.cpp">
      <Filter>Generated Files\Debug</Filter>
    </ClCompile>
    <ClCompile Include="GeneratedFiles\Release\moc_ComputationManager.cpp">
      <Filter>Generated Files\Release</Filter>
    </ClCompile>
    <ClCompile Include="GeneratedFiles\Release\moc_ComputationManagerBOW.cpp">
      <Filter>Generated Files\Release</Filter>
    </ClCompile>
    <ClCompile Include="src\ComputationManager.cpp">
      <Filter>Source Files\core</Filter>
    </ClCompile>
  </ItemGroup>
  <ItemGroup>
    <ClInclude Include="GeneratedFiles\ui_SamaelMainWindow.h">
      <Filter>Generated Files</Filter>
    </ClInclude>
    <ClInclude Include="src\stdafx.h">
      <Filter>Header Files</Filter>
    </ClInclude>
    <ClInclude Include="src\LogLevel.h">
      <Filter>Header Files\log</Filter>
    </ClInclude>
    <ClInclude Include="src\LogDestination.h">
      <Filter>Header Files\log</Filter>
    </ClInclude>
    <ClInclude Include="src\LogDestinationCreator.h">
      <Filter>Header Files\log</Filter>
    </ClInclude>
    <ClInclude Include="src\Logger.h">
      <Filter>Header Files\log</Filter>
    </ClInclude>
    <ClInclude Include="src\Factory.h">
      <Filter>Header Files\generic</Filter>
    </ClInclude>
    <ClInclude Include="src\DerivedCreator.h">
      <Filter>Header Files\generic</Filter>
    </ClInclude>
    <ClInclude Include="src\Creator.h">
      <Filter>Header Files\generic</Filter>
    </ClInclude>
    <ClInclude Include="src\CommandLineLogDestination.h">
      <Filter>Header Files\log\destination</Filter>
    </ClInclude>
    <ClInclude Include="src\FileLogDestination.h">
      <Filter>Header Files\log\destination</Filter>
    </ClInclude>
    <ClInclude Include="src\LoggerImplementation.h">
      <Filter>Header Files\log</Filter>
    </ClInclude>
    <ClInclude Include="src\SamaelUtility.h">
      <Filter>Header Files</Filter>
    </ClInclude>
    <ClInclude Include="src\TerminalWidgetLogDestination.h">
      <Filter>Header Files\log\destination</Filter>
    </ClInclude>
    <ClInclude Include="src\SamaelImage.h">
      <Filter>Header Files\data</Filter>
    </ClInclude>
    <ClInclude Include="src\Samael.h">
      <Filter>Header Files\mvc</Filter>
    </ClInclude>
    <ClInclude Include="resource.h">
      <Filter>Header Files</Filter>
    </ClInclude>
    <ClInclude Include="src\ViewerWidget.h">
      <Filter>Header Files\gui</Filter>
    </ClInclude>
    <ClInclude Include="src\ThumbnailIconProvider.h">
      <Filter>Header Files\core</Filter>
    </ClInclude>
    <ClInclude Include="src\Renderquad.h">
      <Filter>Header Files\visualization</Filter>
    </ClInclude>
    <ClInclude Include="src\Shader.h">
      <Filter>Header Files\visualization</Filter>
    </ClInclude>
    <ClInclude Include="src\Texture.h">
      <Filter>Header Files\visualization</Filter>
    </ClInclude>
    <ClInclude Include="src\ParallelCoordinates.h">
      <Filter>Header Files\visualization</Filter>
    </ClInclude>
    <ClInclude Include="src\UBO.h">
      <Filter>Header Files\visualization</Filter>
    </ClInclude>
  </ItemGroup>
  <ItemGroup>
    <CustomBuild Include="SamaelMainWindow.ui">
      <Filter>Form Files</Filter>
    </CustomBuild>
    <CustomBuild Include="samael.qrc">
      <Filter>Resource Files</Filter>
    </CustomBuild>
    <CustomBuild Include="src\SamaelApplication.h">
      <Filter>Header Files</Filter>
    </CustomBuild>
    <CustomBuild Include="src\SamaelMainWindow.h">
      <Filter>Header Files\gui</Filter>
    </CustomBuild>
    <CustomBuild Include="src\TreeWidget.h">
      <Filter>Header Files\gui</Filter>
    </CustomBuild>
    <CustomBuild Include="src\SamaelDockWidget.h">
      <Filter>Header Files\gui\base</Filter>
    </CustomBuild>
    <CustomBuild Include="src\TerminalWidget.h">
      <Filter>Header Files\gui</Filter>
    </CustomBuild>
    <CustomBuild Include="src\Terminal.h">
      <Filter>Header Files\core</Filter>
    </CustomBuild>
    <CustomBuild Include="src\SamaelHighlighter.h">
      <Filter>Header Files\core</Filter>
    </CustomBuild>
    <CustomBuild Include="src\VisualizerWidget.h">
      <Filter>Header Files\gui\base</Filter>
    </CustomBuild>
    <CustomBuild Include="src\FileExplorerTreeProxyModel.h">
      <Filter>Header Files\mvc</Filter>
    </CustomBuild>
    <CustomBuild Include="src\FileExplorerListProxyModel.h">
      <Filter>Header Files\mvc</Filter>
    </CustomBuild>
    <CustomBuild Include="src\ToolBox.h">
      <Filter>Header Files\gui</Filter>
    </CustomBuild>
    <CustomBuild Include="src\FileExplorerListView.h">
      <Filter>Header Files\mvc</Filter>
    </CustomBuild>
    <CustomBuild Include="src\FileExplorerTreeView.h">
      <Filter>Header Files\mvc</Filter>
    </CustomBuild>
    <CustomBuild Include="src\ImageDatabase.h">
      <Filter>Header Files\core</Filter>
    </CustomBuild>
    <CustomBuild Include="src\ComputationManagerBOW.h">
      <Filter>Header Files\core</Filter>
    </CustomBuild>
    <CustomBuild Include="src\ComputationManager.h">
      <Filter>Header Files\core</Filter>
    </CustomBuild>
  </ItemGroup>
  <ItemGroup>
    <None Include="..\build-x64\shader\bBoxVisualizer.frag">
      <Filter>Shader</Filter>
    </None>
    <None Include="..\build-x64\shader\bBoxVisualizer.geom">
      <Filter>Shader</Filter>
    </None>
    <None Include="..\build-x64\shader\bBoxVisualizer.vert">
      <Filter>Shader</Filter>
    </None>
    <None Include="..\build-x64\shader\imageVisualizer.frag">
      <Filter>Shader</Filter>
    </None>
    <None Include="..\build-x64\shader\imageVisualizer.vert">
      <Filter>Shader</Filter>
    </None>
    <None Include="..\build-x64\shader\keypointVisualizer.frag">
      <Filter>Shader</Filter>
    </None>
    <None Include="..\build-x64\shader\keypointVisualizer.geom">
      <Filter>Shader</Filter>
    </None>
    <None Include="..\build-x64\shader\keypointVisualizer.vert">
      <Filter>Shader</Filter>
    </None>
    <None Include="..\build-x64\shader\parallelCoordinatesVisualizer.frag">
      <Filter>Shader</Filter>
    </None>
    <None Include="..\build-x64\shader\parallelCoordinatesVisualizer.geom">
      <Filter>Shader</Filter>
    </None>
    <None Include="..\build-x64\shader\parallelCoordinatesVisualizer.vert">
      <Filter>Shader</Filter>
    </None>
  </ItemGroup>
</Project>