<?xml version="1.0" encoding="utf-8"?>
<Project ToolsVersion="4.0" xmlns="http://schemas.microsoft.com/developer/msbuild/2003">
  <ItemGroup>
    <Filter Include="Source Files">
      <UniqueIdentifier>{4FC737F1-C7A5-4376-A066-2A32D752A2FF}</UniqueIdentifier>
      <Extensions>cpp;cxx;c;def</Extensions>
    </Filter>
    <Filter Include="Header Files">
      <UniqueIdentifier>{93995380-89BD-4b04-88EB-625FBE52EBFB}</UniqueIdentifier>
      <Extensions>h</Extensions>
    </Filter>
    <Filter Include="Form Files">
      <UniqueIdentifier>{99349809-55BA-4b9d-BF79-8FDBB0286EB3}</UniqueIdentifier>
      <Extensions>ui</Extensions>
    </Filter>
    <Filter Include="Resource Files">
      <UniqueIdentifier>{D9D6E242-F8AF-46E4-B9FD-80ECBC20BA3E}</UniqueIdentifier>
      <Extensions>qrc;*</Extensions>
      <ParseFiles>false</ParseFiles>
    </Filter>
    <Filter Include="Generated Files">
      <UniqueIdentifier>{71ED8ED8-ACB9-4CE9-BBE1-E00B30144E11}</UniqueIdentifier>
      <Extensions>moc;h;cpp</Extensions>
      <SourceControlFiles>False</SourceControlFiles>
    </Filter>
    <Filter Include="Generated Files\Debug">
      <UniqueIdentifier>{2b955b1b-cf85-449a-82c8-fd873a2357c6}</UniqueIdentifier>
      <Extensions>cpp;moc</Extensions>
      <SourceControlFiles>False</SourceControlFiles>
    </Filter>
    <Filter Include="Generated Files\Release">
      <UniqueIdentifier>{92e3528d-ab94-42ae-813e-7eda9d8a74bb}</UniqueIdentifier>
      <Extensions>cpp;moc</Extensions>
      <SourceControlFiles>False</SourceControlFiles>
    </Filter>
    <Filter Include="Header Files\log">
      <UniqueIdentifier>{d88a3494-cade-48d4-a84d-eb4d4c0486fd}</UniqueIdentifier>
    </Filter>
    <Filter Include="Source Files\log">
      <UniqueIdentifier>{8dfd0902-586a-46e3-bdf2-488ce1f4277b}</UniqueIdentifier>
    </Filter>
    <Filter Include="Header Files\generic">
      <UniqueIdentifier>{ad6b75fb-224d-476e-ad42-b104d0bb4314}</UniqueIdentifier>
    </Filter>
    <Filter Include="Header Files\log\destination">
      <UniqueIdentifier>{c2aa3f72-35f1-4c42-9219-758bca99145f}</UniqueIdentifier>
    </Filter>
    <Filter Include="Source Files\log\destination">
      <UniqueIdentifier>{92b5cfeb-6b9e-425c-b78e-4ddb77fe2a16}</UniqueIdentifier>
    </Filter>
    <Filter Include="Header Files\gui">
      <UniqueIdentifier>{3da505c3-5f5d-4126-aa6b-bb9f2347d951}</UniqueIdentifier>
    </Filter>
    <Filter Include="Source Files\gui">
      <UniqueIdentifier>{9ec45175-3d4b-4fbf-a247-2fb3bfc70ca9}</UniqueIdentifier>
    </Filter>
    <Filter Include="Header Files\mvc">
      <UniqueIdentifier>{3e7472ee-e6d6-42ff-9e71-8a5e82737579}</UniqueIdentifier>
    </Filter>
    <Filter Include="Source Files\mvc">
      <UniqueIdentifier>{f24b15c2-e522-4b32-8242-c74a319e36ed}</UniqueIdentifier>
    </Filter>
  </ItemGroup>
  <ItemGroup>
    <ClCompile Include="GeneratedFiles\qrc_samael.cpp">
      <Filter>Generated Files</Filter>
    </ClCompile>
    <ClCompile Include="src\main.cpp">
      <Filter>Source Files</Filter>
    </ClCompile>
    <ClCompile Include="src\SamaelApplication.cpp">
      <Filter>Source Files</Filter>
    </ClCompile>
    <ClCompile Include="GeneratedFiles\Debug\moc_SamaelApplication.cpp">
      <Filter>Generated Files\Debug</Filter>
    </ClCompile>
    <ClCompile Include="GeneratedFiles\Release\moc_SamaelApplication.cpp">
      <Filter>Generated Files\Release</Filter>
    </ClCompile>
    <ClCompile Include="GeneratedFiles\Debug\moc_SamaelMainWindow.cpp">
      <Filter>Generated Files\Debug</Filter>
    </ClCompile>
    <ClCompile Include="GeneratedFiles\Release\moc_SamaelMainWindow.cpp">
      <Filter>Generated Files\Release</Filter>
    </ClCompile>
    <ClCompile Include="src\stdafx.cpp">
      <Filter>Source Files</Filter>
    </ClCompile>
    <ClCompile Include="src\Logger.cpp">
      <Filter>Source Files\log</Filter>
    </ClCompile>
    <ClCompile Include="src\FileLogDestination.cpp">
      <Filter>Source Files\log\destination</Filter>
    </ClCompile>
    <ClCompile Include="src\CommandLineLogDestination.cpp">
      <Filter>Source Files\log\destination</Filter>
    </ClCompile>
    <ClCompile Include="src\SamaelMainWindow.cpp">
      <Filter>Source Files\gui</Filter>
    </ClCompile>
    <ClCompile Include="src\SamaelUtility.cpp">
      <Filter>Source Files</Filter>
    </ClCompile>
    <ClCompile Include="src\SamaelItemModel.cpp">
      <Filter>Source Files\mvc</Filter>
    </ClCompile>
    <ClCompile Include="GeneratedFiles\Debug\moc_SamaelItemModel.cpp">
      <Filter>Generated Files\Debug</Filter>
    </ClCompile>
    <ClCompile Include="GeneratedFiles\Release\moc_SamaelItemModel.cpp">
      <Filter>Generated Files\Release</Filter>
    </ClCompile>
    <ClCompile Include="src\TerminalWidget.cpp">
      <Filter>Source Files\gui</Filter>
    </ClCompile>
    <ClCompile Include="GeneratedFiles\Debug\moc_TerminalWidget.cpp">
      <Filter>Generated Files\Debug</Filter>
    </ClCompile>
    <ClCompile Include="GeneratedFiles\Release\moc_TerminalWidget.cpp">
      <Filter>Generated Files\Release</Filter>
    </ClCompile>
    <ClCompile Include="src\TerminalWidgetLogDestination.cpp">
      <Filter>Source Files\log\destination</Filter>
    </ClCompile>
    <ClCompile Include="src\TreeNode.cpp">
      <Filter>Source Files\mvc</Filter>
    </ClCompile>
    <ClCompile Include="src\SamaelImage.cpp">
      <Filter>Source Files\mvc</Filter>
    </ClCompile>
  </ItemGroup>
  <ItemGroup>
    <ClInclude Include="GeneratedFiles\ui_SamaelMainWindow.h">
      <Filter>Generated Files</Filter>
    </ClInclude>
    <ClInclude Include="src\stdafx.h">
      <Filter>Header Files</Filter>
    </ClInclude>
    <ClInclude Include="src\LogLevel.h">
      <Filter>Header Files\log</Filter>
    </ClInclude>
    <ClInclude Include="src\LogDestination.h">
      <Filter>Header Files\log</Filter>
    </ClInclude>
    <ClInclude Include="src\LogDestinationCreator.h">
      <Filter>Header Files\log</Filter>
    </ClInclude>
    <ClInclude Include="src\Logger.h">
      <Filter>Header Files\log</Filter>
    </ClInclude>
    <ClInclude Include="src\Factory.h">
      <Filter>Header Files\generic</Filter>
    </ClInclude>
    <ClInclude Include="src\DerivedCreator.h">
      <Filter>Header Files\generic</Filter>
    </ClInclude>
    <ClInclude Include="src\Creator.h">
      <Filter>Header Files\generic</Filter>
    </ClInclude>
    <ClInclude Include="src\CommandLineLogDestination.h">
      <Filter>Header Files\log\destination</Filter>
    </ClInclude>
    <ClInclude Include="src\FileLogDestination.h">
      <Filter>Header Files\log\destination</Filter>
    </ClInclude>
    <ClInclude Include="src\LoggerImplementation.h">
      <Filter>Header Files\log</Filter>
    </ClInclude>
    <ClInclude Include="src\SamaelUtility.h">
      <Filter>Header Files</Filter>
    </ClInclude>
    <ClInclude Include="src\TerminalWidgetLogDestination.h">
      <Filter>Header Files\log\destination</Filter>
    </ClInclude>
    <ClInclude Include="src\TreeNode.h">
      <Filter>Header Files\mvc</Filter>
    </ClInclude>
    <ClInclude Include="src\Item.h">
      <Filter>Header Files\mvc</Filter>
    </ClInclude>
    <ClInclude Include="src\SamaelImage.h">
      <Filter>Header Files\mvc</Filter>
    </ClInclude>
  </ItemGroup>
  <ItemGroup>
    <CustomBuild Include="SamaelMainWindow.ui">
      <Filter>Form Files</Filter>
    </CustomBuild>
    <CustomBuild Include="samael.qrc">
      <Filter>Resource Files</Filter>
    </CustomBuild>
    <CustomBuild Include="src\SamaelApplication.h">
      <Filter>Header Files</Filter>
    </CustomBuild>
    <CustomBuild Include="src\SamaelMainWindow.h">
      <Filter>Header Files\gui</Filter>
    </CustomBuild>
    <CustomBuild Include="src\SamaelItemModel.h">
      <Filter>Header Files\mvc</Filter>
    </CustomBuild>
    <CustomBuild Include="src\TerminalWidget.h">
      <Filter>Header Files\gui</Filter>
    </CustomBuild>
  </ItemGroup>
</Project>